
Microsoft Visual Studio Solution File, Format Version 12.00
# Visual Studio Version 16
VisualStudioVersion = 16.0.31025.194
MinimumVisualStudioVersion = 10.0.40219.1
Project("{FAE04EC0-301F-11D3-BF4B-00C04F79EFBC}") = "Project1", "Project1\Project1.csproj", "{44A8A791-0D18-4899-993B-B089A6E2316C}"
EndProject
Global
	GlobalSection(SolutionConfigurationPlatforms) = preSolution
		Debug|Any CPU = Debug|Any CPU
		Release|Any CPU = Release|Any CPU
	EndGlobalSection
	GlobalSection(ProjectConfigurationPlatforms) = postSolution
		{44A8A791-0D18-4899-993B-B089A6E2316C}.Debug|Any CPU.ActiveCfg = Debug|Any CPU
		{44A8A791-0D18-4899-993B-B089A6E2316C}.Debug|Any CPU.Build.0 = Debug|Any CPU
		{44A8A791-0D18-4899-993B-B089A6E2316C}.Release|Any CPU.ActiveCfg = Release|Any CPU
		{44A8A791-0D18-4899-993B-B089A6E2316C}.Release|Any CPU.Build.0 = Release|Any CPU
	EndGlobalSection
	GlobalSection(SolutionProperties) = preSolution
		HideSolutionNode = FALSE
	EndGlobalSection
	GlobalSection(ExtensibilityGlobals) = postSolution
		SolutionGuid = {5274D835-302C-4FEA-A90A-0669D4BD5C98}
	EndGlobalSection
EndGlobal
